
Microsoft Visual Studio Solution File, Format Version 12.00
# Visual Studio Version 17
VisualStudioVersion = 17.5.33424.131
MinimumVisualStudioVersion = 10.0.40219.1
Project("{FAE04EC0-301F-11D3-BF4B-00C04F79EFBC}") = "ders1", "ders1\ders1.csproj", "{0B8DB540-9813-41F1-A0F6-F1BA05C56779}"
EndProject
Global
	GlobalSection(SolutionConfigurationPlatforms) = preSolution
		Debug|Any CPU = Debug|Any CPU
		Release|Any CPU = Release|Any CPU
	EndGlobalSection
	GlobalSection(ProjectConfigurationPlatforms) = postSolution
		{0B8DB540-9813-41F1-A0F6-F1BA05C56779}.Debug|Any CPU.ActiveCfg = Debug|Any CPU
		{0B8DB540-9813-41F1-A0F6-F1BA05C56779}.Debug|Any CPU.Build.0 = Debug|Any CPU
		{0B8DB540-9813-41F1-A0F6-F1BA05C56779}.Release|Any CPU.ActiveCfg = Release|Any CPU
		{0B8DB540-9813-41F1-A0F6-F1BA05C56779}.Release|Any CPU.Build.0 = Release|Any CPU
	EndGlobalSection
	GlobalSection(SolutionProperties) = preSolution
		HideSolutionNode = FALSE
	EndGlobalSection
	GlobalSection(ExtensibilityGlobals) = postSolution
		SolutionGuid = {0C86ED04-A554-4698-A693-9BD457253777}
	EndGlobalSection
EndGlobal
